
Microsoft Visual Studio Solution File, Format Version 12.00
# Visual Studio Version 17
VisualStudioVersion = 17.11.35005.142
MinimumVisualStudioVersion = 10.0.40219.1
Project("{FAE04EC0-301F-11D3-BF4B-00C04F79EFBC}") = "DotNet8.FirebaseCRUD.ConsoleApp", "DotNet8.FirebaseCRUD.ConsoleApp\DotNet8.FirebaseCRUD.ConsoleApp.csproj", "{5AECCCF5-CFD2-4B06-802B-BF3EFE41588F}"
EndProject
Global
	GlobalSection(SolutionConfigurationPlatforms) = preSolution
		Debug|Any CPU = Debug|Any CPU
		Release|Any CPU = Release|Any CPU
	EndGlobalSection
	GlobalSection(ProjectConfigurationPlatforms) = postSolution
		{5AECCCF5-CFD2-4B06-802B-BF3EFE41588F}.Debug|Any CPU.ActiveCfg = Debug|Any CPU
		{5AECCCF5-CFD2-4B06-802B-BF3EFE41588F}.Debug|Any CPU.Build.0 = Debug|Any CPU
		{5AECCCF5-CFD2-4B06-802B-BF3EFE41588F}.Release|Any CPU.ActiveCfg = Release|Any CPU
		{5AECCCF5-CFD2-4B06-802B-BF3EFE41588F}.Release|Any CPU.Build.0 = Release|Any CPU
	EndGlobalSection
	GlobalSection(SolutionProperties) = preSolution
		HideSolutionNode = FALSE
	EndGlobalSection
	GlobalSection(ExtensibilityGlobals) = postSolution
		SolutionGuid = {C099A239-BEDC-4BC0-B0BE-21C7E97F71EE}
	EndGlobalSection
EndGlobal
